
Microsoft Visual Studio Solution File, Format Version 12.00
# Visual Studio Version 16
VisualStudioVersion = 16.0.30804.86
MinimumVisualStudioVersion = 10.0.40219.1
Project("{9A19103F-16F7-4668-BE54-9A1E7A4F7556}") = "NullableWrapper", "ConsoleApp1\NullableWrapper.csproj", "{98F9B7C0-6E8A-457F-919D-913BBC897659}"
EndProject
Global
	GlobalSection(SolutionConfigurationPlatforms) = preSolution
		Debug|Any CPU = Debug|Any CPU
		Release|Any CPU = Release|Any CPU
	EndGlobalSection
	GlobalSection(ProjectConfigurationPlatforms) = postSolution
		{98F9B7C0-6E8A-457F-919D-913BBC897659}.Debug|Any CPU.ActiveCfg = Debug|Any CPU
		{98F9B7C0-6E8A-457F-919D-913BBC897659}.Debug|Any CPU.Build.0 = Debug|Any CPU
		{98F9B7C0-6E8A-457F-919D-913BBC897659}.Release|Any CPU.ActiveCfg = Release|Any CPU
		{98F9B7C0-6E8A-457F-919D-913BBC897659}.Release|Any CPU.Build.0 = Release|Any CPU
	EndGlobalSection
	GlobalSection(SolutionProperties) = preSolution
		HideSolutionNode = FALSE
	EndGlobalSection
	GlobalSection(ExtensibilityGlobals) = postSolution
		SolutionGuid = {006EE24F-ACC1-42EB-91BB-CFF23481C631}
	EndGlobalSection
EndGlobal
